PODS:
  - ChameleonFramework/Default (2.1.0)
  - ChameleonFramework/Swift (2.1.0):
    - ChameleonFramework/Default
  - Eureka (4.1.1)
  - Hero (1.1.0)
  - Koloda (4.3.1):
    - pop (~> 1.0)
  - LGButton (1.0.5)
  - MessageKit (0.13.2)
  - Networking (4.1.1)
  - pop (1.0.10)
  - Presentr (1.3)
  - SkyFloatingLabelTextField (3.4.1)
  - SwiftProtobuf (1.0.3)
  - TagListView (1.3.0)
  - TwilioChatClient (2.2.1)
  - TwilioVideo (2.0.0-beta3)

DEPENDENCIES:
  - ChameleonFramework/Swift (from `https://github.com/ViccAlexander/Chameleon.git`)
  - Eureka
  - Hero
  - Koloda
  - LGButton
  - MessageKit
  - Networking
  - Presentr
  - SkyFloatingLabelTextField (~> 3.0)
  - SwiftProtobuf
  - TagListView (~> 1.0)
  - TwilioChatClient (~> 2.2.0)
  - TwilioVideo (= 2.0.0-beta3)

EXTERNAL SOURCES:
  ChameleonFramework:
    :git: https://github.com/ViccAlexander/Chameleon.git

CHECKOUT OPTIONS:
  ChameleonFramework:
    :commit: 6dd284bde21ea2e7f9fd89bc36f40df16e16369d
    :git: https://github.com/ViccAlexander/Chameleon.git

SPEC CHECKSUMS:
  ChameleonFramework: d21a3cc247abfe5e37609a283a8238b03575cf64
  Eureka: b88fb930e42c79f8c03c373d0fcdc28c1d6c50ed
  Hero: ce59e81c79390613d97b43da7179e2c5e1017e04
  Koloda: 0d39b2aa188ccd1fac48d752acaf9802e683c625
  LGButton: 707ce916eb80b73a6c4688df34bee11adbafb663
  MessageKit: 274efb4454ddc9b3408b031b3396498dd4ed2462
  Networking: ffde5754883907f90f9f751e183eba4a75dc4b89
  pop: 82ca6b068ce9278fd350fd9dd09482a0ce9492e6
  Presentr: 3f0825a42cb32ecd8fc6b6d0b0de87d7d0b42482
  SkyFloatingLabelTextField: 8085f20f57f74a00cfcae58099299faa1a971035
  SwiftProtobuf: 5ccc0e4054e37c75800e5744acb2aa80bb72b39c
  TagListView: 669f7d4455003c877655875d34829731c4191528
  TwilioChatClient: dbf9e4c4707f8515f431498c53ad1f78a3faa110
  TwilioVideo: 08cada2c04a7a908655fd80a1423a9c762344625

PODFILE CHECKSUM: cb71b9d13617eab5382df2508b506d69ccca3c52

COCOAPODS: 1.4.0
