// !$*UTF8*$!
{
	archiveVersion = 1;
	classes = {
	};
	objectVersion = 48;
	objects = {

/* Begin PBXBuildFile section */
		5634F9622050D6C600F0DED4 /* VideoService.swift in Sources */ = {isa = PBXBuildFile; fileRef = 5634F9612050D6C600F0DED4 /* VideoService.swift */; };
		5634F9642050D71B00F0DED4 /* Utilities.swift in Sources */ = {isa = PBXBuildFile; fileRef = 5634F9632050D71B00F0DED4 /* Utilities.swift */; };
		5634F9662050DC9600F0DED4 /* VideoVC.swift in Sources */ = {isa = PBXBuildFile; fileRef = 5634F9652050DC9600F0DED4 /* VideoVC.swift */; };
		565080A8204B5F6000F18815 /* ChatVC.swift in Sources */ = {isa = PBXBuildFile; fileRef = 565080A7204B5F6000F18815 /* ChatVC.swift */; };
		565080AA204CA1C300F18815 /* ChatMessage.swift in Sources */ = {isa = PBXBuildFile; fileRef = 565080A9204CA1C300F18815 /* ChatMessage.swift */; };
		565080AC204CAC2A00F18815 /* ChatService.swift in Sources */ = {isa = PBXBuildFile; fileRef = 565080AB204CAC2A00F18815 /* ChatService.swift */; };
		565080AE204DCFF600F18815 /* MatchVC.swift in Sources */ = {isa = PBXBuildFile; fileRef = 565080AD204DCFF600F18815 /* MatchVC.swift */; };
		565080B0204DF5AB00F18815 /* ProfileSectionView.swift in Sources */ = {isa = PBXBuildFile; fileRef = 565080AF204DF5AB00F18815 /* ProfileSectionView.swift */; };
		565C57EE2022C168008387D5 /* DiscoverProfileVC.swift in Sources */ = {isa = PBXBuildFile; fileRef = 565C57ED2022C168008387D5 /* DiscoverProfileVC.swift */; };
		567953E5206ACE2E00A1BDA8 /* ProfileVC.swift in Sources */ = {isa = PBXBuildFile; fileRef = 567953E4206ACE2E00A1BDA8 /* ProfileVC.swift */; };
		567953E7206AD70500A1BDA8 /* JobsVC.swift in Sources */ = {isa = PBXBuildFile; fileRef = 567953E6206AD70500A1BDA8 /* JobsVC.swift */; };
		567953EE206C4C8400A1BDA8 /* UserFormVC.swift in Sources */ = {isa = PBXBuildFile; fileRef = 567953ED206C4C8400A1BDA8 /* UserFormVC.swift */; };
		567953F1206C54D900A1BDA8 /* JobFormVC.swift in Sources */ = {isa = PBXBuildFile; fileRef = 567953F0206C54D900A1BDA8 /* JobFormVC.swift */; };
		567953F3206C5CF400A1BDA8 /* SkillSelectionVC.swift in Sources */ = {isa = PBXBuildFile; fileRef = 567953F2206C5CF400A1BDA8 /* SkillSelectionVC.swift */; };
		568085E0204F5AEA00584017 /* AccountsVC.swift in Sources */ = {isa = PBXBuildFile; fileRef = 568085DF204F5AEA00584017 /* AccountsVC.swift */; };
		568969C62069A69F007F4B53 /* FieldView.swift in Sources */ = {isa = PBXBuildFile; fileRef = 568969C52069A69F007F4B53 /* FieldView.swift */; };
		56A8E370206DF12B001D800D /* LoginVC.swift in Sources */ = {isa = PBXBuildFile; fileRef = 56A8E36F206DF12B001D800D /* LoginVC.swift */; };
		56A8E37C206FE98D001D800D /* QuickFieldView.swift in Sources */ = {isa = PBXBuildFile; fileRef = 56A8E37B206FE98D001D800D /* QuickFieldView.swift */; };
		56A8E39A20718B31001D800D /* location.pb.swift in Sources */ = {isa = PBXBuildFile; fileRef = 56A8E39720718B31001D800D /* location.pb.swift */; };
		56A8E39B20718B31001D800D /* industry.pb.swift in Sources */ = {isa = PBXBuildFile; fileRef = 56A8E39820718B31001D800D /* industry.pb.swift */; };
		56A8E39C20718B31001D800D /* status.pb.swift in Sources */ = {isa = PBXBuildFile; fileRef = 56A8E39920718B31001D800D /* status.pb.swift */; };
		56A8E39E20718B36001D800D /* company.pb.swift in Sources */ = {isa = PBXBuildFile; fileRef = 56A8E39D20718B36001D800D /* company.pb.swift */; };
		56A8E3A120718B3D001D800D /* job_request.pb.swift in Sources */ = {isa = PBXBuildFile; fileRef = 56A8E39F20718B3D001D800D /* job_request.pb.swift */; };
		56A8E3A220718B3D001D800D /* job.pb.swift in Sources */ = {isa = PBXBuildFile; fileRef = 56A8E3A020718B3D001D800D /* job.pb.swift */; };
		56A8E3A520718B43001D800D /* job_seeker_request.pb.swift in Sources */ = {isa = PBXBuildFile; fileRef = 56A8E3A320718B43001D800D /* job_seeker_request.pb.swift */; };
		56A8E3A620718B43001D800D /* job_seeker.pb.swift in Sources */ = {isa = PBXBuildFile; fileRef = 56A8E3A420718B43001D800D /* job_seeker.pb.swift */; };
		56A8E3A820718B4A001D800D /* login_request.pb.swift in Sources */ = {isa = PBXBuildFile; fileRef = 56A8E3A720718B4A001D800D /* login_request.pb.swift */; };
		56A8E3AB20718B50001D800D /* match_request.pb.swift in Sources */ = {isa = PBXBuildFile; fileRef = 56A8E3A920718B50001D800D /* match_request.pb.swift */; };
		56A8E3AC20718B50001D800D /* match.pb.swift in Sources */ = {isa = PBXBuildFile; fileRef = 56A8E3AA20718B50001D800D /* match.pb.swift */; };
		56A8E3AF20718B58001D800D /* recruiter_request.pb.swift in Sources */ = {isa = PBXBuildFile; fileRef = 56A8E3AD20718B57001D800D /* recruiter_request.pb.swift */; };
		56A8E3B020718B58001D800D /* recruiter.pb.swift in Sources */ = {isa = PBXBuildFile; fileRef = 56A8E3AE20718B58001D800D /* recruiter.pb.swift */; };
		56A8E3B320718B5F001D800D /* user.pb.swift in Sources */ = {isa = PBXBuildFile; fileRef = 56A8E3B120718B5F001D800D /* user.pb.swift */; };
		56A8E3B420718B5F001D800D /* user_request.pb.swift in Sources */ = {isa = PBXBuildFile; fileRef = 56A8E3B220718B5F001D800D /* user_request.pb.swift */; };
		56A8E3B62071A88B001D800D /* AccountManager.swift in Sources */ = {isa = PBXBuildFile; fileRef = 56A8E3B52071A88B001D800D /* AccountManager.swift */; };
		56B5774F1F96798F00B3B0BC /* AppDelegate.swift in Sources */ = {isa = PBXBuildFile; fileRef = 56B5774E1F96798F00B3B0BC /* AppDelegate.swift */; };
		56B577561F96798F00B3B0BC /* Main.storyboard in Resources */ = {isa = PBXBuildFile; fileRef = 56B577541F96798F00B3B0BC /* Main.storyboard */; };
		56B577581F96798F00B3B0BC /* Assets.xcassets in Resources */ = {isa = PBXBuildFile; fileRef = 56B577571F96798F00B3B0BC /* Assets.xcassets */; };
		56B5775B1F96798F00B3B0BC /* LaunchScreen.storyboard in Resources */ = {isa = PBXBuildFile; fileRef = 56B577591F96798F00B3B0BC /* LaunchScreen.storyboard */; };
		56BD37711FB2481D00888CE7 /* DiscoverVC.swift in Sources */ = {isa = PBXBuildFile; fileRef = 56BD37701FB2481D00888CE7 /* DiscoverVC.swift */; };
		56EA360E1FB4DF75004009BE /* ConnectionsVC.swift in Sources */ = {isa = PBXBuildFile; fileRef = 56EA360D1FB4DF75004009BE /* ConnectionsVC.swift */; };
		56EA361C1FB51001004009BE /* APIService.swift in Sources */ = {isa = PBXBuildFile; fileRef = 56EA361B1FB51001004009BE /* APIService.swift */; };
		8EFA5850D6D9E63DF8A77D86 /* Pods_Employed.framework in Frameworks */ = {isa = PBXBuildFile; fileRef = 4BBA97FD3FD06D26F24AD454 /* Pods_Employed.framework */; };
/* End PBXBuildFile section */

/* Begin PBXCopyFilesBuildPhase section */
		56E611551FB53D4800C9116D /* Embed Frameworks */ = {
			isa = PBXCopyFilesBuildPhase;
			buildActionMask = 2147483647;
			dstPath = "";
			dstSubfolderSpec = 10;
			files = (
			);
			name = "Embed Frameworks";
			runOnlyForDeploymentPostprocessing = 0;
		};
/* End PBXCopyFilesBuildPhase section */

/* Begin PBXFileReference section */
		2E79600091DC334C930DAC65 /* Pods-Employed.debug.xcconfig */ = {isa = PBXFileReference; includeInIndex = 1; lastKnownFileType = text.xcconfig; name = "Pods-Employed.debug.xcconfig"; path = "Pods/Target Support Files/Pods-Employed/Pods-Employed.debug.xcconfig"; sourceTree = "<group>"; };
		4BBA97FD3FD06D26F24AD454 /* Pods_Employed.framework */ = {isa = PBXFileReference; explicitFileType = wrapper.framework; includeInIndex = 0; path = Pods_Employed.framework; sourceTree = BUILT_PRODUCTS_DIR; };
		5634F9612050D6C600F0DED4 /* VideoService.swift */ = {isa = PBXFileReference; lastKnownFileType = sourcecode.swift; path = VideoService.swift; sourceTree = "<group>"; };
		5634F9632050D71B00F0DED4 /* Utilities.swift */ = {isa = PBXFileReference; lastKnownFileType = sourcecode.swift; path = Utilities.swift; sourceTree = "<group>"; };
		5634F9652050DC9600F0DED4 /* VideoVC.swift */ = {isa = PBXFileReference; lastKnownFileType = sourcecode.swift; path = VideoVC.swift; sourceTree = "<group>"; };
		565080A7204B5F6000F18815 /* ChatVC.swift */ = {isa = PBXFileReference; lastKnownFileType = sourcecode.swift; path = ChatVC.swift; sourceTree = "<group>"; };
		565080A9204CA1C300F18815 /* ChatMessage.swift */ = {isa = PBXFileReference; lastKnownFileType = sourcecode.swift; path = ChatMessage.swift; sourceTree = "<group>"; };
		565080AB204CAC2A00F18815 /* ChatService.swift */ = {isa = PBXFileReference; lastKnownFileType = sourcecode.swift; path = ChatService.swift; sourceTree = "<group>"; };
		565080AD204DCFF600F18815 /* MatchVC.swift */ = {isa = PBXFileReference; lastKnownFileType = sourcecode.swift; path = MatchVC.swift; sourceTree = "<group>"; };
		565080AF204DF5AB00F18815 /* ProfileSectionView.swift */ = {isa = PBXFileReference; lastKnownFileType = sourcecode.swift; path = ProfileSectionView.swift; sourceTree = "<group>"; };
		565C57ED2022C168008387D5 /* DiscoverProfileVC.swift */ = {isa = PBXFileReference; lastKnownFileType = sourcecode.swift; path = DiscoverProfileVC.swift; sourceTree = "<group>"; };
		567953E4206ACE2E00A1BDA8 /* ProfileVC.swift */ = {isa = PBXFileReference; lastKnownFileType = sourcecode.swift; path = ProfileVC.swift; sourceTree = "<group>"; };
		567953E6206AD70500A1BDA8 /* JobsVC.swift */ = {isa = PBXFileReference; lastKnownFileType = sourcecode.swift; path = JobsVC.swift; sourceTree = "<group>"; };
		567953ED206C4C8400A1BDA8 /* UserFormVC.swift */ = {isa = PBXFileReference; lastKnownFileType = sourcecode.swift; path = UserFormVC.swift; sourceTree = "<group>"; };
		567953F0206C54D900A1BDA8 /* JobFormVC.swift */ = {isa = PBXFileReference; lastKnownFileType = sourcecode.swift; path = JobFormVC.swift; sourceTree = "<group>"; };
		567953F2206C5CF400A1BDA8 /* SkillSelectionVC.swift */ = {isa = PBXFileReference; lastKnownFileType = sourcecode.swift; path = SkillSelectionVC.swift; sourceTree = "<group>"; };
		568085DF204F5AEA00584017 /* AccountsVC.swift */ = {isa = PBXFileReference; lastKnownFileType = sourcecode.swift; path = AccountsVC.swift; sourceTree = "<group>"; };
		568969C52069A69F007F4B53 /* FieldView.swift */ = {isa = PBXFileReference; lastKnownFileType = sourcecode.swift; path = FieldView.swift; sourceTree = "<group>"; };
		56A8E36F206DF12B001D800D /* LoginVC.swift */ = {isa = PBXFileReference; lastKnownFileType = sourcecode.swift; path = LoginVC.swift; sourceTree = "<group>"; };
		56A8E37B206FE98D001D800D /* QuickFieldView.swift */ = {isa = PBXFileReference; lastKnownFileType = sourcecode.swift; path = QuickFieldView.swift; sourceTree = "<group>"; };
		56A8E39720718B31001D800D /* location.pb.swift */ = {isa = PBXFileReference; fileEncoding = 4; lastKnownFileType = sourcecode.swift; path = location.pb.swift; sourceTree = "<group>"; };
		56A8E39820718B31001D800D /* industry.pb.swift */ = {isa = PBXFileReference; fileEncoding = 4; lastKnownFileType = sourcecode.swift; path = industry.pb.swift; sourceTree = "<group>"; };
		56A8E39920718B31001D800D /* status.pb.swift */ = {isa = PBXFileReference; fileEncoding = 4; lastKnownFileType = sourcecode.swift; path = status.pb.swift; sourceTree = "<group>"; };
		56A8E39D20718B36001D800D /* company.pb.swift */ = {isa = PBXFileReference; fileEncoding = 4; lastKnownFileType = sourcecode.swift; path = company.pb.swift; sourceTree = "<group>"; };
		56A8E39F20718B3D001D800D /* job_request.pb.swift */ = {isa = PBXFileReference; fileEncoding = 4; lastKnownFileType = sourcecode.swift; path = job_request.pb.swift; sourceTree = "<group>"; };
		56A8E3A020718B3D001D800D /* job.pb.swift */ = {isa = PBXFileReference; fileEncoding = 4; lastKnownFileType = sourcecode.swift; path = job.pb.swift; sourceTree = "<group>"; };
		56A8E3A320718B43001D800D /* job_seeker_request.pb.swift */ = {isa = PBXFileReference; fileEncoding = 4; lastKnownFileType = sourcecode.swift; path = job_seeker_request.pb.swift; sourceTree = "<group>"; };
		56A8E3A420718B43001D800D /* job_seeker.pb.swift */ = {isa = PBXFileReference; fileEncoding = 4; lastKnownFileType = sourcecode.swift; path = job_seeker.pb.swift; sourceTree = "<group>"; };
		56A8E3A720718B4A001D800D /* login_request.pb.swift */ = {isa = PBXFileReference; fileEncoding = 4; lastKnownFileType = sourcecode.swift; path = login_request.pb.swift; sourceTree = "<group>"; };
		56A8E3A920718B50001D800D /* match_request.pb.swift */ = {isa = PBXFileReference; fileEncoding = 4; lastKnownFileType = sourcecode.swift; path = match_request.pb.swift; sourceTree = "<group>"; };
		56A8E3AA20718B50001D800D /* match.pb.swift */ = {isa = PBXFileReference; fileEncoding = 4; lastKnownFileType = sourcecode.swift; path = match.pb.swift; sourceTree = "<group>"; };
		56A8E3AD20718B57001D800D /* recruiter_request.pb.swift */ = {isa = PBXFileReference; fileEncoding = 4; lastKnownFileType = sourcecode.swift; path = recruiter_request.pb.swift; sourceTree = "<group>"; };
		56A8E3AE20718B58001D800D /* recruiter.pb.swift */ = {isa = PBXFileReference; fileEncoding = 4; lastKnownFileType = sourcecode.swift; path = recruiter.pb.swift; sourceTree = "<group>"; };
		56A8E3B120718B5F001D800D /* user.pb.swift */ = {isa = PBXFileReference; fileEncoding = 4; lastKnownFileType = sourcecode.swift; path = user.pb.swift; sourceTree = "<group>"; };
		56A8E3B220718B5F001D800D /* user_request.pb.swift */ = {isa = PBXFileReference; fileEncoding = 4; lastKnownFileType = sourcecode.swift; path = user_request.pb.swift; sourceTree = "<group>"; };
		56A8E3B52071A88B001D800D /* AccountManager.swift */ = {isa = PBXFileReference; lastKnownFileType = sourcecode.swift; path = AccountManager.swift; sourceTree = "<group>"; };
		56B5774B1F96798F00B3B0BC /* Employed.app */ = {isa = PBXFileReference; explicitFileType = wrapper.application; includeInIndex = 0; path = Employed.app; sourceTree = BUILT_PRODUCTS_DIR; };
		56B5774E1F96798F00B3B0BC /* AppDelegate.swift */ = {isa = PBXFileReference; lastKnownFileType = sourcecode.swift; path = AppDelegate.swift; sourceTree = "<group>"; };
		56B577551F96798F00B3B0BC /* Base */ = {isa = PBXFileReference; lastKnownFileType = file.storyboard; name = Base; path = Base.lproj/Main.storyboard; sourceTree = "<group>"; };
		56B577571F96798F00B3B0BC /* Assets.xcassets */ = {isa = PBXFileReference; lastKnownFileType = folder.assetcatalog; path = Assets.xcassets; sourceTree = "<group>"; };
		56B5775A1F96798F00B3B0BC /* Base */ = {isa = PBXFileReference; lastKnownFileType = file.storyboard; name = Base; path = Base.lproj/LaunchScreen.storyboard; sourceTree = "<group>"; };
		56B5775C1F96798F00B3B0BC /* Info.plist */ = {isa = PBXFileReference; lastKnownFileType = text.plist.xml; path = Info.plist; sourceTree = "<group>"; };
		56BD37701FB2481D00888CE7 /* DiscoverVC.swift */ = {isa = PBXFileReference; lastKnownFileType = sourcecode.swift; path = DiscoverVC.swift; sourceTree = "<group>"; };
		56EA360D1FB4DF75004009BE /* ConnectionsVC.swift */ = {isa = PBXFileReference; lastKnownFileType = sourcecode.swift; path = ConnectionsVC.swift; sourceTree = "<group>"; };
		56EA361B1FB51001004009BE /* APIService.swift */ = {isa = PBXFileReference; lastKnownFileType = sourcecode.swift; path = APIService.swift; sourceTree = "<group>"; };
		846003E4A87EC6F667766D96 /* Pods-Employed.release.xcconfig */ = {isa = PBXFileReference; includeInIndex = 1; lastKnownFileType = text.xcconfig; name = "Pods-Employed.release.xcconfig"; path = "Pods/Target Support Files/Pods-Employed/Pods-Employed.release.xcconfig"; sourceTree = "<group>"; };
/* End PBXFileReference section */

/* Begin PBXFrameworksBuildPhase section */
		56B577481F96798F00B3B0BC /* Frameworks */ = {
			isa = PBXFrameworksBuildPhase;
			buildActionMask = 2147483647;
			files = (
				8EFA5850D6D9E63DF8A77D86 /* Pods_Employed.framework in Frameworks */,
			);
			runOnlyForDeploymentPostprocessing = 0;
		};
/* End PBXFrameworksBuildPhase section */

/* Begin PBXGroup section */
		26B71FBA84B0E31C5BA59ABA /* Frameworks */ = {
			isa = PBXGroup;
			children = (
				4BBA97FD3FD06D26F24AD454 /* Pods_Employed.framework */,
			);
			name = Frameworks;
			sourceTree = "<group>";
		};
		451B4B39BC48C4954048E49E /* Pods */ = {
			isa = PBXGroup;
			children = (
				2E79600091DC334C930DAC65 /* Pods-Employed.debug.xcconfig */,
				846003E4A87EC6F667766D96 /* Pods-Employed.release.xcconfig */,
			);
			name = Pods;
			sourceTree = "<group>";
		};
		567953E8206C3C9300A1BDA8 /* Protos */ = {
			isa = PBXGroup;
			children = (
				56A8E3B220718B5F001D800D /* user_request.pb.swift */,
				56A8E3B120718B5F001D800D /* user.pb.swift */,
				56A8E3AD20718B57001D800D /* recruiter_request.pb.swift */,
				56A8E3AE20718B58001D800D /* recruiter.pb.swift */,
				56A8E3A920718B50001D800D /* match_request.pb.swift */,
				56A8E3AA20718B50001D800D /* match.pb.swift */,
				56A8E3A720718B4A001D800D /* login_request.pb.swift */,
				56A8E3A320718B43001D800D /* job_seeker_request.pb.swift */,
				56A8E3A420718B43001D800D /* job_seeker.pb.swift */,
				56A8E39F20718B3D001D800D /* job_request.pb.swift */,
				56A8E3A020718B3D001D800D /* job.pb.swift */,
				56A8E39D20718B36001D800D /* company.pb.swift */,
				56A8E39820718B31001D800D /* industry.pb.swift */,
				56A8E39720718B31001D800D /* location.pb.swift */,
				56A8E39920718B31001D800D /* status.pb.swift */,
			);
			path = Protos;
			sourceTree = "<group>";
		};
		567953E9206C3CB100A1BDA8 /* Services */ = {
			isa = PBXGroup;
			children = (
				56EA361B1FB51001004009BE /* APIService.swift */,
				565080AB204CAC2A00F18815 /* ChatService.swift */,
				5634F9612050D6C600F0DED4 /* VideoService.swift */,
			);
			path = Services;
			sourceTree = "<group>";
		};
		56B577421F96798F00B3B0BC = {
			isa = PBXGroup;
			children = (
				56B5774D1F96798F00B3B0BC /* Employed */,
				56B5774C1F96798F00B3B0BC /* Products */,
				451B4B39BC48C4954048E49E /* Pods */,
				26B71FBA84B0E31C5BA59ABA /* Frameworks */,
			);
			sourceTree = "<group>";
		};
		56B5774C1F96798F00B3B0BC /* Products */ = {
			isa = PBXGroup;
			children = (
				56B5774B1F96798F00B3B0BC /* Employed.app */,
			);
			name = Products;
			sourceTree = "<group>";
		};
		56B5774D1F96798F00B3B0BC /* Employed */ = {
			isa = PBXGroup;
			children = (
				567953E9206C3CB100A1BDA8 /* Services */,
				567953E8206C3C9300A1BDA8 /* Protos */,
				56B5774E1F96798F00B3B0BC /* AppDelegate.swift */,
				56B577541F96798F00B3B0BC /* Main.storyboard */,
				56B577571F96798F00B3B0BC /* Assets.xcassets */,
				56B577591F96798F00B3B0BC /* LaunchScreen.storyboard */,
				56B5775C1F96798F00B3B0BC /* Info.plist */,
				56BD37701FB2481D00888CE7 /* DiscoverVC.swift */,
				56EA360D1FB4DF75004009BE /* ConnectionsVC.swift */,
				565C57ED2022C168008387D5 /* DiscoverProfileVC.swift */,
				565080A7204B5F6000F18815 /* ChatVC.swift */,
				565080A9204CA1C300F18815 /* ChatMessage.swift */,
				565080AD204DCFF600F18815 /* MatchVC.swift */,
				565080AF204DF5AB00F18815 /* ProfileSectionView.swift */,
				568085DF204F5AEA00584017 /* AccountsVC.swift */,
				5634F9632050D71B00F0DED4 /* Utilities.swift */,
				5634F9652050DC9600F0DED4 /* VideoVC.swift */,
				568969C52069A69F007F4B53 /* FieldView.swift */,
				567953E4206ACE2E00A1BDA8 /* ProfileVC.swift */,
				567953E6206AD70500A1BDA8 /* JobsVC.swift */,
				567953ED206C4C8400A1BDA8 /* UserFormVC.swift */,
				567953F0206C54D900A1BDA8 /* JobFormVC.swift */,
				567953F2206C5CF400A1BDA8 /* SkillSelectionVC.swift */,
				56A8E36F206DF12B001D800D /* LoginVC.swift */,
				56A8E37B206FE98D001D800D /* QuickFieldView.swift */,
				56A8E3B52071A88B001D800D /* AccountManager.swift */,
			);
			path = Employed;
			sourceTree = "<group>";
		};
/* End PBXGroup section */

/* Begin PBXNativeTarget section */
		56B5774A1F96798F00B3B0BC /* Employed */ = {
			isa = PBXNativeTarget;
			buildConfigurationList = 56B5775F1F96798F00B3B0BC /* Build configuration list for PBXNativeTarget "Employed" */;
			buildPhases = (
				BB6715FD6DED29D041A0F5B6 /* [CP] Check Pods Manifest.lock */,
				56B577471F96798F00B3B0BC /* Sources */,
				56B577481F96798F00B3B0BC /* Frameworks */,
				56B577491F96798F00B3B0BC /* Resources */,
				5BC1F48A18E55DD81E5A69DC /* [CP] Embed Pods Frameworks */,
				E22E7B4215418EF27CFF9722 /* [CP] Copy Pods Resources */,
				56E611551FB53D4800C9116D /* Embed Frameworks */,
			);
			buildRules = (
			);
			dependencies = (
			);
			name = Employed;
			productName = Employed;
			productReference = 56B5774B1F96798F00B3B0BC /* Employed.app */;
			productType = "com.apple.product-type.application";
		};
/* End PBXNativeTarget section */

/* Begin PBXProject section */
		56B577431F96798F00B3B0BC /* Project object */ = {
			isa = PBXProject;
			attributes = {
				LastSwiftUpdateCheck = 0900;
				LastUpgradeCheck = 0900;
				ORGANIZATIONNAME = Employed;
				TargetAttributes = {
					56B5774A1F96798F00B3B0BC = {
						CreatedOnToolsVersion = 9.0.1;
						ProvisioningStyle = Automatic;
						SystemCapabilities = {
							com.apple.Push = {
								enabled = 0;
							};
						};
					};
				};
			};
			buildConfigurationList = 56B577461F96798F00B3B0BC /* Build configuration list for PBXProject "Employed" */;
			compatibilityVersion = "Xcode 8.0";
			developmentRegion = en;
			hasScannedForEncodings = 0;
			knownRegions = (
				en,
				Base,
			);
			mainGroup = 56B577421F96798F00B3B0BC;
			productRefGroup = 56B5774C1F96798F00B3B0BC /* Products */;
			projectDirPath = "";
			projectRoot = "";
			targets = (
				56B5774A1F96798F00B3B0BC /* Employed */,
			);
		};
/* End PBXProject section */

/* Begin PBXResourcesBuildPhase section */
		56B577491F96798F00B3B0BC /* Resources */ = {
			isa = PBXResourcesBuildPhase;
			buildActionMask = 2147483647;
			files = (
				56B5775B1F96798F00B3B0BC /* LaunchScreen.storyboard in Resources */,
				56B577581F96798F00B3B0BC /* Assets.xcassets in Resources */,
				56B577561F96798F00B3B0BC /* Main.storyboard in Resources */,
			);
			runOnlyForDeploymentPostprocessing = 0;
		};
/* End PBXResourcesBuildPhase section */

/* Begin PBXShellScriptBuildPhase section */
		5BC1F48A18E55DD81E5A69DC /* [CP] Embed Pods Frameworks */ = {
			isa = PBXShellScriptBuildPhase;
			buildActionMask = 2147483647;
			files = (
			);
			inputPaths = (
				"${SRCROOT}/Pods/Target Support Files/Pods-Employed/Pods-Employed-frameworks.sh",
				"${BUILT_PRODUCTS_DIR}/ChameleonFramework/ChameleonFramework.framework",
				"${BUILT_PRODUCTS_DIR}/Eureka/Eureka.framework",
				"${BUILT_PRODUCTS_DIR}/Hero/Hero.framework",
				"${BUILT_PRODUCTS_DIR}/Koloda/Koloda.framework",
				"${BUILT_PRODUCTS_DIR}/LGButton/LGButton.framework",
				"${BUILT_PRODUCTS_DIR}/MessageKit/MessageKit.framework",
				"${BUILT_PRODUCTS_DIR}/Networking/Networking.framework",
				"${BUILT_PRODUCTS_DIR}/Presentr/Presentr.framework",
				"${BUILT_PRODUCTS_DIR}/SkyFloatingLabelTextField/SkyFloatingLabelTextField.framework",
				"${BUILT_PRODUCTS_DIR}/SwiftProtobuf/SwiftProtobuf.framework",
				"${BUILT_PRODUCTS_DIR}/TagListView/TagListView.framework",
				"${PODS_ROOT}/TwilioChatClient/TwilioChatClient.framework",
				"${PODS_ROOT}/TwilioVideo/Build/iOS/TwilioVideo.framework",
				"${BUILT_PRODUCTS_DIR}/pop/pop.framework",
			);
			name = "[CP] Embed Pods Frameworks";
			outputPaths = (
				"${TARGET_BUILD_DIR}/${FRAMEWORKS_FOLDER_PATH}/ChameleonFramework.framework",
				"${TARGET_BUILD_DIR}/${FRAMEWORKS_FOLDER_PATH}/Eureka.framework",
				"${TARGET_BUILD_DIR}/${FRAMEWORKS_FOLDER_PATH}/Hero.framework",
				"${TARGET_BUILD_DIR}/${FRAMEWORKS_FOLDER_PATH}/Koloda.framework",
				"${TARGET_BUILD_DIR}/${FRAMEWORKS_FOLDER_PATH}/LGButton.framework",
				"${TARGET_BUILD_DIR}/${FRAMEWORKS_FOLDER_PATH}/MessageKit.framework",
				"${TARGET_BUILD_DIR}/${FRAMEWORKS_FOLDER_PATH}/Networking.framework",
				"${TARGET_BUILD_DIR}/${FRAMEWORKS_FOLDER_PATH}/Presentr.framework",
				"${TARGET_BUILD_DIR}/${FRAMEWORKS_FOLDER_PATH}/SkyFloatingLabelTextField.framework",
				"${TARGET_BUILD_DIR}/${FRAMEWORKS_FOLDER_PATH}/SwiftProtobuf.framework",
				"${TARGET_BUILD_DIR}/${FRAMEWORKS_FOLDER_PATH}/TagListView.framework",
				"${TARGET_BUILD_DIR}/${FRAMEWORKS_FOLDER_PATH}/TwilioChatClient.framework",
				"${TARGET_BUILD_DIR}/${FRAMEWORKS_FOLDER_PATH}/TwilioVideo.framework",
				"${TARGET_BUILD_DIR}/${FRAMEWORKS_FOLDER_PATH}/pop.framework",
			);
			runOnlyForDeploymentPostprocessing = 0;
			shellPath = /bin/sh;
			shellScript = "\"${SRCROOT}/Pods/Target Support Files/Pods-Employed/Pods-Employed-frameworks.sh\"\n";
			showEnvVarsInLog = 0;
		};
		BB6715FD6DED29D041A0F5B6 /* [CP] Check Pods Manifest.lock */ = {
			isa = PBXShellScriptBuildPhase;
			buildActionMask = 2147483647;
			files = (
			);
			inputPaths = (
				"${PODS_PODFILE_DIR_PATH}/Podfile.lock",
				"${PODS_ROOT}/Manifest.lock",
			);
			name = "[CP] Check Pods Manifest.lock";
			outputPaths = (
				"$(DERIVED_FILE_DIR)/Pods-Employed-checkManifestLockResult.txt",
			);
			runOnlyForDeploymentPostprocessing = 0;
			shellPath = /bin/sh;
			shellScript = "diff \"${PODS_PODFILE_DIR_PATH}/Podfile.lock\" \"${PODS_ROOT}/Manifest.lock\" > /dev/null\nif [ $? != 0 ] ; then\n    # print error to STDERR\n    echo \"error: The sandbox is not in sync with the Podfile.lock. Run 'pod install' or update your CocoaPods installation.\" >&2\n    exit 1\nfi\n# This output is used by Xcode 'outputs' to avoid re-running this script phase.\necho \"SUCCESS\" > \"${SCRIPT_OUTPUT_FILE_0}\"\n";
			showEnvVarsInLog = 0;
		};
		E22E7B4215418EF27CFF9722 /* [CP] Copy Pods Resources */ = {
			isa = PBXShellScriptBuildPhase;
			buildActionMask = 2147483647;
			files = (
			);
			inputPaths = (
			);
			name = "[CP] Copy Pods Resources";
			outputPaths = (
			);
			runOnlyForDeploymentPostprocessing = 0;
			shellPath = /bin/sh;
			shellScript = "\"${SRCROOT}/Pods/Target Support Files/Pods-Employed/Pods-Employed-resources.sh\"\n";
			showEnvVarsInLog = 0;
		};
/* End PBXShellScriptBuildPhase section */

/* Begin PBXSourcesBuildPhase section */
		56B577471F96798F00B3B0BC /* Sources */ = {
			isa = PBXSourcesBuildPhase;
			buildActionMask = 2147483647;
			files = (
				565C57EE2022C168008387D5 /* DiscoverProfileVC.swift in Sources */,
				565080AA204CA1C300F18815 /* ChatMessage.swift in Sources */,
				56BD37711FB2481D00888CE7 /* DiscoverVC.swift in Sources */,
				565080B0204DF5AB00F18815 /* ProfileSectionView.swift in Sources */,
				5634F9622050D6C600F0DED4 /* VideoService.swift in Sources */,
				56A8E3B020718B58001D800D /* recruiter.pb.swift in Sources */,
				56A8E39A20718B31001D800D /* location.pb.swift in Sources */,
				56A8E3AB20718B50001D800D /* match_request.pb.swift in Sources */,
				56A8E39E20718B36001D800D /* company.pb.swift in Sources */,
				568969C62069A69F007F4B53 /* FieldView.swift in Sources */,
				567953F1206C54D900A1BDA8 /* JobFormVC.swift in Sources */,
				568085E0204F5AEA00584017 /* AccountsVC.swift in Sources */,
				5634F9642050D71B00F0DED4 /* Utilities.swift in Sources */,
				56A8E3A520718B43001D800D /* job_seeker_request.pb.swift in Sources */,
				56EA360E1FB4DF75004009BE /* ConnectionsVC.swift in Sources */,
				56A8E3B320718B5F001D800D /* user.pb.swift in Sources */,
				56A8E3A620718B43001D800D /* job_seeker.pb.swift in Sources */,
				565080AE204DCFF600F18815 /* MatchVC.swift in Sources */,
				567953E7206AD70500A1BDA8 /* JobsVC.swift in Sources */,
				56A8E3A820718B4A001D800D /* login_request.pb.swift in Sources */,
				56A8E3A220718B3D001D800D /* job.pb.swift in Sources */,
				565080A8204B5F6000F18815 /* ChatVC.swift in Sources */,
				56A8E3AF20718B58001D800D /* recruiter_request.pb.swift in Sources */,
				56A8E39B20718B31001D800D /* industry.pb.swift in Sources */,
				567953F3206C5CF400A1BDA8 /* SkillSelectionVC.swift in Sources */,
				56B5774F1F96798F00B3B0BC /* AppDelegate.swift in Sources */,
				56A8E3B420718B5F001D800D /* user_request.pb.swift in Sources */,
				567953EE206C4C8400A1BDA8 /* UserFormVC.swift in Sources */,
				56A8E3AC20718B50001D800D /* match.pb.swift in Sources */,
				56A8E39C20718B31001D800D /* status.pb.swift in Sources */,
				5634F9662050DC9600F0DED4 /* VideoVC.swift in Sources */,
				56EA361C1FB51001004009BE /* APIService.swift in Sources */,
				565080AC204CAC2A00F18815 /* ChatService.swift in Sources */,
				56A8E3B62071A88B001D800D /* AccountManager.swift in Sources */,
				56A8E370206DF12B001D800D /* LoginVC.swift in Sources */,
				567953E5206ACE2E00A1BDA8 /* ProfileVC.swift in Sources */,
				56A8E3A120718B3D001D800D /* job_request.pb.swift in Sources */,
				56A8E37C206FE98D001D800D /* QuickFieldView.swift in Sources */,
			);
			runOnlyForDeploymentPostprocessing = 0;
		};
/* End PBXSourcesBuildPhase section */

/* Begin PBXVariantGroup section */
		56B577541F96798F00B3B0BC /* Main.storyboard */ = {
			isa = PBXVariantGroup;
			children = (
				56B577551F96798F00B3B0BC /* Base */,
			);
			name = Main.storyboard;
			sourceTree = "<group>";
		};
		56B577591F96798F00B3B0BC /* LaunchScreen.storyboard */ = {
			isa = PBXVariantGroup;
			children = (
				56B5775A1F96798F00B3B0BC /* Base */,
			);
			name = LaunchScreen.storyboard;
			sourceTree = "<group>";
		};
/* End PBXVariantGroup section */

/* Begin XCBuildConfiguration section */
		56B5775D1F96798F00B3B0BC /* Debug */ = {
			isa = XCBuildConfiguration;
			buildSettings = {
				ALWAYS_SEARCH_USER_PATHS = NO;
				CLANG_ANALYZER_NONNULL = YES;
				CLANG_ANALYZER_NUMBER_OBJECT_CONVERSION = YES_AGGRESSIVE;
				CLANG_CXX_LANGUAGE_STANDARD = "gnu++14";
				CLANG_CXX_LIBRARY = "libc++";
				CLANG_ENABLE_MODULES = YES;
				CLANG_ENABLE_OBJC_ARC = YES;
				CLANG_WARN_BLOCK_CAPTURE_AUTORELEASING = YES;
				CLANG_WARN_BOOL_CONVERSION = YES;
				CLANG_WARN_COMMA = YES;
				CLANG_WARN_CONSTANT_CONVERSION = YES;
				CLANG_WARN_DIRECT_OBJC_ISA_USAGE = YES_ERROR;
				CLANG_WARN_DOCUMENTATION_COMMENTS = YES;
				CLANG_WARN_EMPTY_BODY = YES;
				CLANG_WARN_ENUM_CONVERSION = YES;
				CLANG_WARN_INFINITE_RECURSION = YES;
				CLANG_WARN_INT_CONVERSION = YES;
				CLANG_WARN_NON_LITERAL_NULL_CONVERSION = YES;
				CLANG_WARN_OBJC_LITERAL_CONVERSION = YES;
				CLANG_WARN_OBJC_ROOT_CLASS = YES_ERROR;
				CLANG_WARN_RANGE_LOOP_ANALYSIS = YES;
				CLANG_WARN_STRICT_PROTOTYPES = YES;
				CLANG_WARN_SUSPICIOUS_MOVE = YES;
				CLANG_WARN_UNGUARDED_AVAILABILITY = YES_AGGRESSIVE;
				CLANG_WARN_UNREACHABLE_CODE = YES;
				CLANG_WARN__DUPLICATE_METHOD_MATCH = YES;
				CODE_SIGN_IDENTITY = "iPhone Developer";
				COPY_PHASE_STRIP = NO;
				DEBUG_INFORMATION_FORMAT = dwarf;
				ENABLE_STRICT_OBJC_MSGSEND = YES;
				ENABLE_TESTABILITY = YES;
				GCC_C_LANGUAGE_STANDARD = gnu11;
				GCC_DYNAMIC_NO_PIC = NO;
				GCC_NO_COMMON_BLOCKS = YES;
				GCC_OPTIMIZATION_LEVEL = 0;
				GCC_PREPROCESSOR_DEFINITIONS = (
					"DEBUG=1",
					"$(inherited)",
				);
				GCC_WARN_64_TO_32_BIT_CONVERSION = YES;
				GCC_WARN_ABOUT_RETURN_TYPE = YES_ERROR;
				GCC_WARN_UNDECLARED_SELECTOR = YES;
				GCC_WARN_UNINITIALIZED_AUTOS = YES_AGGRESSIVE;
				GCC_WARN_UNUSED_FUNCTION = YES;
				GCC_WARN_UNUSED_VARIABLE = YES;
				IPHONEOS_DEPLOYMENT_TARGET = 11.0;
				MTL_ENABLE_DEBUG_INFO = YES;
				ONLY_ACTIVE_ARCH = YES;
				SDKROOT = iphoneos;
				SWIFT_ACTIVE_COMPILATION_CONDITIONS = DEBUG;
				SWIFT_OPTIMIZATION_LEVEL = "-Onone";
			};
			name = Debug;
		};
		56B5775E1F96798F00B3B0BC /* Release */ = {
			isa = XCBuildConfiguration;
			buildSettings = {
				ALWAYS_SEARCH_USER_PATHS = NO;
				CLANG_ANALYZER_NONNULL = YES;
				CLANG_ANALYZER_NUMBER_OBJECT_CONVERSION = YES_AGGRESSIVE;
				CLANG_CXX_LANGUAGE_STANDARD = "gnu++14";
				CLANG_CXX_LIBRARY = "libc++";
				CLANG_ENABLE_MODULES = YES;
				CLANG_ENABLE_OBJC_ARC = YES;
				CLANG_WARN_BLOCK_CAPTURE_AUTORELEASING = YES;
				CLANG_WARN_BOOL_CONVERSION = YES;
				CLANG_WARN_COMMA = YES;
				CLANG_WARN_CONSTANT_CONVERSION = YES;
				CLANG_WARN_DIRECT_OBJC_ISA_USAGE = YES_ERROR;
				CLANG_WARN_DOCUMENTATION_COMMENTS = YES;
				CLANG_WARN_EMPTY_BODY = YES;
				CLANG_WARN_ENUM_CONVERSION = YES;
				CLANG_WARN_INFINITE_RECURSION = YES;
				CLANG_WARN_INT_CONVERSION = YES;
				CLANG_WARN_NON_LITERAL_NULL_CONVERSION = YES;
				CLANG_WARN_OBJC_LITERAL_CONVERSION = YES;
				CLANG_WARN_OBJC_ROOT_CLASS = YES_ERROR;
				CLANG_WARN_RANGE_LOOP_ANALYSIS = YES;
				CLANG_WARN_STRICT_PROTOTYPES = YES;
				CLANG_WARN_SUSPICIOUS_MOVE = YES;
				CLANG_WARN_UNGUARDED_AVAILABILITY = YES_AGGRESSIVE;
				CLANG_WARN_UNREACHABLE_CODE = YES;
				CLANG_WARN__DUPLICATE_METHOD_MATCH = YES;
				CODE_SIGN_IDENTITY = "iPhone Developer";
				COPY_PHASE_STRIP = NO;
				DEBUG_INFORMATION_FORMAT = "dwarf-with-dsym";
				ENABLE_NS_ASSERTIONS = NO;
				ENABLE_STRICT_OBJC_MSGSEND = YES;
				GCC_C_LANGUAGE_STANDARD = gnu11;
				GCC_NO_COMMON_BLOCKS = YES;
				GCC_WARN_64_TO_32_BIT_CONVERSION = YES;
				GCC_WARN_ABOUT_RETURN_TYPE = YES_ERROR;
				GCC_WARN_UNDECLARED_SELECTOR = YES;
				GCC_WARN_UNINITIALIZED_AUTOS = YES_AGGRESSIVE;
				GCC_WARN_UNUSED_FUNCTION = YES;
				GCC_WARN_UNUSED_VARIABLE = YES;
				IPHONEOS_DEPLOYMENT_TARGET = 11.0;
				MTL_ENABLE_DEBUG_INFO = NO;
				SDKROOT = iphoneos;
				SWIFT_OPTIMIZATION_LEVEL = "-Owholemodule";
				VALIDATE_PRODUCT = YES;
			};
			name = Release;
		};
		56B577601F96798F00B3B0BC /* Debug */ = {
			isa = XCBuildConfiguration;
			baseConfigurationReference = 2E79600091DC334C930DAC65 /* Pods-Employed.debug.xcconfig */;
			buildSettings = {
				ASSETCATALOG_COMPILER_APPICON_NAME = AppIcon;
				CODE_SIGN_STYLE = Automatic;
				DEVELOPMENT_TEAM = 8Q7Z4BNPVX;
				INFOPLIST_FILE = Employed/Info.plist;
				LD_RUNPATH_SEARCH_PATHS = "$(inherited) @executable_path/Frameworks";
				PRODUCT_BUNDLE_IDENTIFIER = com.employed.Employed;
				PRODUCT_NAME = "$(TARGET_NAME)";
				SWIFT_VERSION = 4.0;
				TARGETED_DEVICE_FAMILY = "1,2";
			};
			name = Debug;
		};
		56B577611F96798F00B3B0BC /* Release */ = {
			isa = XCBuildConfiguration;
			baseConfigurationReference = 846003E4A87EC6F667766D96 /* Pods-Employed.release.xcconfig */;
			buildSettings = {
				ASSETCATALOG_COMPILER_APPICON_NAME = AppIcon;
				CODE_SIGN_STYLE = Automatic;
				DEVELOPMENT_TEAM = 8Q7Z4BNPVX;
				INFOPLIST_FILE = Employed/Info.plist;
				LD_RUNPATH_SEARCH_PATHS = "$(inherited) @executable_path/Frameworks";
				PRODUCT_BUNDLE_IDENTIFIER = com.employed.Employed;
				PRODUCT_NAME = "$(TARGET_NAME)";
				SWIFT_VERSION = 4.0;
				TARGETED_DEVICE_FAMILY = "1,2";
			};
			name = Release;
		};
/* End XCBuildConfiguration section */

/* Begin XCConfigurationList section */
		56B577461F96798F00B3B0BC /* Build configuration list for PBXProject "Employed" */ = {
			isa = XCConfigurationList;
			buildConfigurations = (
				56B5775D1F96798F00B3B0BC /* Debug */,
				56B5775E1F96798F00B3B0BC /* Release */,
			);
			defaultConfigurationIsVisible = 0;
			defaultConfigurationName = Release;
		};
		56B5775F1F96798F00B3B0BC /* Build configuration list for PBXNativeTarget "Employed" */ = {
			isa = XCConfigurationList;
			buildConfigurations = (
				56B577601F96798F00B3B0BC /* Debug */,
				56B577611F96798F00B3B0BC /* Release */,
			);
			defaultConfigurationIsVisible = 0;
			defaultConfigurationName = Release;
		};
/* End XCConfigurationList section */
	};
	rootObject = 56B577431F96798F00B3B0BC /* Project object */;
}
